PODS:
  - Flutter (1.0.0)
  - flutter_incoming_call (0.0.1):
    - Flutter

DEPENDENCIES:
  - Flutter (from `Flutter`)
  - flutter_incoming_call (from `.symlinks/plugins/flutter_incoming_call/ios`)

EXTERNAL SOURCES:
  Flutter:
    :path: Flutter
  flutter_incoming_call:
    :path: ".symlinks/plugins/flutter_incoming_call/ios"

SPEC CHECKSUMS:
  Flutter: 434fef37c0980e73bb6479ef766c45957d4b510c
  flutter_incoming_call: d0df2dcc8d98c223fc2082be72a8750a2593283f

PODFILE CHECKSUM: aafe91acc616949ddb318b77800a7f51bffa2a4c

COCOAPODS: 1.10.1
