PODS:
  - Flutter (1.0.0)
  - flutter_incoming_call (0.0.1):
    - Flutter

DEPENDENCIES:
  - Flutter (from `Flutter`)
  - flutter_incoming_call (from `.symlinks/plugins/flutter_incoming_call/ios`)

EXTERNAL SOURCES:
  Flutter:
    :path: Flutter
  flutter_incoming_call:
    :path: ".symlinks/plugins/flutter_incoming_call/ios"

SPEC CHECKSUMS:
  Flutter: 0e3d915762c693b495b44d77113d4970485de6ec
  flutter_incoming_call: 6cf1756fc9d6cda1add82baaa6c8f53f15193798

PODFILE CHECKSUM: c34e2287a9ccaa606aeceab922830efb9a6ff69a

COCOAPODS: 1.9.3
